{
  "name": "contracts",
  "lockfileVersion": 2,
  "requires": true,
  "packages": {
    "": {
      "devDependencies": {
        "erc721a": "^4.2.2"
      }
    },
    "node_modules/erc721a": {
      "version": "4.2.2",
      "resolved": "https://registry.npmjs.org/erc721a/-/erc721a-4.2.2.tgz",
      "integrity": "sha512-u5kDOqn47qFCTjXtU8VUrNqToo6aZaiUxy4e9Rtmjq3sR1k+NEZf8Kh+H5VT65rDSglRn1nn4MrY7QVa1n3Eig==",
      "dev": true
    }
  },
  "dependencies": {
    "erc721a": {
      "version": "4.2.2",
      "resolved": "https://registry.npmjs.org/erc721a/-/erc721a-4.2.2.tgz",
      "integrity": "sha512-u5kDOqn47qFCTjXtU8VUrNqToo6aZaiUxy4e9Rtmjq3sR1k+NEZf8Kh+H5VT65rDSglRn1nn4MrY7QVa1n3Eig==",
      "dev": true
    }
  }
}
